
Microsoft Visual Studio Solution File, Format Version 12.00
# Visual Studio 15
VisualStudioVersion = 15.0.27130.2036
MinimumVisualStudioVersion = 10.0.40219.1
Project("{FAE04EC0-301F-11D3-BF4B-00C04F79EFBC}") = "JSNLog.Api", "JSNLog.Api\JSNLog.Api.csproj", "{CC09EDA9-36B9-4E2D-A248-BD0EF274BFD0}"
EndProject
Global
	GlobalSection(SolutionConfigurationPlatforms) = preSolution
		Debug|Any CPU = Debug|Any CPU
		Release|Any CPU = Release|Any CPU
	EndGlobalSection
	GlobalSection(ProjectConfigurationPlatforms) = postSolution
		{CC09EDA9-36B9-4E2D-A248-BD0EF274BFD0}.Debug|Any CPU.ActiveCfg = Debug|Any CPU
		{CC09EDA9-36B9-4E2D-A248-BD0EF274BFD0}.Debug|Any CPU.Build.0 = Debug|Any CPU
		{CC09EDA9-36B9-4E2D-A248-BD0EF274BFD0}.Release|Any CPU.ActiveCfg = Release|Any CPU
		{CC09EDA9-36B9-4E2D-A248-BD0EF274BFD0}.Release|Any CPU.Build.0 = Release|Any CPU
	EndGlobalSection
	GlobalSection(SolutionProperties) = preSolution
		HideSolutionNode = FALSE
	EndGlobalSection
	GlobalSection(ExtensibilityGlobals) = postSolution
		SolutionGuid = {5F5A59E4-42F8-47A0-8191-2DB69AA3FCEC}
	EndGlobalSection
EndGlobal
